
Microsoft Visual Studio Solution File, Format Version 12.00
# Visual Studio 15
VisualStudioVersion = 15.0.33529.398
MinimumVisualStudioVersion = 10.0.40219.1
Project("{FAE04EC0-301F-11D3-BF4B-00C04F79EFBC}") = "ViewingGradesPorjectv1", "ViewingGradesPorjectv1\ViewingGradesPorjectv1.csproj", "{3FA77935-7E9A-4343-8F9E-05D13A86BE24}"
EndProject
Global
	GlobalSection(SolutionConfigurationPlatforms) = preSolution
		Debug|Any CPU = Debug|Any CPU
		Release|Any CPU = Release|Any CPU
	EndGlobalSection
	GlobalSection(ProjectConfigurationPlatforms) = postSolution
		{3FA77935-7E9A-4343-8F9E-05D13A86BE24}.Debug|Any CPU.ActiveCfg = Debug|Any CPU
		{3FA77935-7E9A-4343-8F9E-05D13A86BE24}.Debug|Any CPU.Build.0 = Debug|Any CPU
		{3FA77935-7E9A-4343-8F9E-05D13A86BE24}.Release|Any CPU.ActiveCfg = Release|Any CPU
		{3FA77935-7E9A-4343-8F9E-05D13A86BE24}.Release|Any CPU.Build.0 = Release|Any CPU
	EndGlobalSection
	GlobalSection(SolutionProperties) = preSolution
		HideSolutionNode = FALSE
	EndGlobalSection
	GlobalSection(ExtensibilityGlobals) = postSolution
		SolutionGuid = {EAA963C5-DE1C-4817-8F21-30EDA120DB83}
	EndGlobalSection
EndGlobal
